# This file is automatically @generated by Cargo.
# It is not intended for manual editing.
version = 4

[[package]]
name = "hail-api"
version = "0.1.0"

[[package]]
name = "hail-core"
version = "0.1.0"

[[package]]
name = "hail-db"
version = "0.1.0"

[[package]]
name = "hail-jmap"
version = "0.1.0"

[[package]]
name = "hail-worker"
version = "0.1.0"
